
Microsoft Visual Studio Solution File, Format Version 12.00
# Visual Studio Version 16
VisualStudioVersion = 16.0.31112.23
MinimumVisualStudioVersion = 10.0.40219.1
Project("{9A19103F-16F7-4668-BE54-9A1E7A4F7556}") = "DevFreela.API", "DevFreela.API\DevFreela.API.csproj", "{9FC61BD5-9431-45F7-BC28-441569265C93}"
EndProject
Project("{9A19103F-16F7-4668-BE54-9A1E7A4F7556}") = "DevFreela.Core", "DevFreela.Core\DevFreela.Core.csproj", "{A1D29BC7-246C-43A2-A7D9-783D3590AA3C}"
EndProject
Project("{FAE04EC0-301F-11D3-BF4B-00C04F79EFBC}") = "DevFreela.Infrastructure", "DevFreela.Infrastructure\DevFreela.Infrastructure.csproj", "{400960CC-62AF-4556-9336-FC329A7FA615}"
EndProject
Global
	GlobalSection(SolutionConfigurationPlatforms) = preSolution
		Debug|Any CPU = Debug|Any CPU
		Release|Any CPU = Release|Any CPU
	EndGlobalSection
	GlobalSection(ProjectConfigurationPlatforms) = postSolution
		{9FC61BD5-9431-45F7-BC28-441569265C93}.Debug|Any CPU.ActiveCfg = Debug|Any CPU
		{9FC61BD5-9431-45F7-BC28-441569265C93}.Debug|Any CPU.Build.0 = Debug|Any CPU
		{9FC61BD5-9431-45F7-BC28-441569265C93}.Release|Any CPU.ActiveCfg = Release|Any CPU
		{9FC61BD5-9431-45F7-BC28-441569265C93}.Release|Any CPU.Build.0 = Release|Any CPU
		{A1D29BC7-246C-43A2-A7D9-783D3590AA3C}.Debug|Any CPU.ActiveCfg = Debug|Any CPU
		{A1D29BC7-246C-43A2-A7D9-783D3590AA3C}.Debug|Any CPU.Build.0 = Debug|Any CPU
		{A1D29BC7-246C-43A2-A7D9-783D3590AA3C}.Release|Any CPU.ActiveCfg = Release|Any CPU
		{A1D29BC7-246C-43A2-A7D9-783D3590AA3C}.Release|Any CPU.Build.0 = Release|Any CPU
		{400960CC-62AF-4556-9336-FC329A7FA615}.Debug|Any CPU.ActiveCfg = Debug|Any CPU
		{400960CC-62AF-4556-9336-FC329A7FA615}.Debug|Any CPU.Build.0 = Debug|Any CPU
		{400960CC-62AF-4556-9336-FC329A7FA615}.Release|Any CPU.ActiveCfg = Release|Any CPU
		{400960CC-62AF-4556-9336-FC329A7FA615}.Release|Any CPU.Build.0 = Release|Any CPU
	EndGlobalSection
	GlobalSection(SolutionProperties) = preSolution
		HideSolutionNode = FALSE
	EndGlobalSection
	GlobalSection(ExtensibilityGlobals) = postSolution
		SolutionGuid = {0287B8E2-6B3B-4966-9954-505DAD163FC9}
	EndGlobalSection
EndGlobal
